// !$*UTF8*$!
{
	archiveVersion = 1;
	classes = {
	};
	objectVersion = 46;
	objects = {

/* Begin PBXBuildFile section */
		1E5B182B735929205944464C /* libPods.a in Frameworks */ = {isa = PBXBuildFile; fileRef = 78854DE3ED7C5B00037FFB7A /* libPods.a */; };
		9300552819ED8A3D00940A7A /* Foundation.framework in Frameworks */ = {isa = PBXBuildFile; fileRef = 9300552719ED8A3D00940A7A /* Foundation.framework */; };
		9300552A19ED8A3D00940A7A /* CoreGraphics.framework in Frameworks */ = {isa = PBXBuildFile; fileRef = 9300552919ED8A3D00940A7A /* CoreGraphics.framework */; };
		9300552C19ED8A3D00940A7A /* UIKit.framework in Frameworks */ = {isa = PBXBuildFile; fileRef = 9300552B19ED8A3D00940A7A /* UIKit.framework */; };
		9300553219ED8A3D00940A7A /* InfoPlist.strings in Resources */ = {isa = PBXBuildFile; fileRef = 9300553019ED8A3D00940A7A /* InfoPlist.strings */; };
		9300553419ED8A3D00940A7A /* main.m in Sources */ = {isa = PBXBuildFile; fileRef = 9300553319ED8A3D00940A7A /* main.m */; };
		9300553819ED8A3D00940A7A /* AppDelegate.m in Sources */ = {isa = PBXBuildFile; fileRef = 9300553719ED8A3D00940A7A /* AppDelegate.m */; };
		9300553A19ED8A3D00940A7A /* Images.xcassets in Resources */ = {isa = PBXBuildFile; fileRef = 9300553919ED8A3D00940A7A /* Images.xcassets */; };
		9300554119ED8A3E00940A7A /* XCTest.framework in Frameworks */ = {isa = PBXBuildFile; fileRef = 9300554019ED8A3E00940A7A /* XCTest.framework */; };
		9300554219ED8A3E00940A7A /* Foundation.framework in Frameworks */ = {isa = PBXBuildFile; fileRef = 9300552719ED8A3D00940A7A /* Foundation.framework */; };
		9300554319ED8A3E00940A7A /* UIKit.framework in Frameworks */ = {isa = PBXBuildFile; fileRef = 9300552B19ED8A3D00940A7A /* UIKit.framework */; };
		9300554B19ED8A3E00940A7A /* InfoPlist.strings in Resources */ = {isa = PBXBuildFile; fileRef = 9300554919ED8A3E00940A7A /* InfoPlist.strings */; };
		9300554D19ED8A3E00940A7A /* SelfieBoothTests.m in Sources */ = {isa = PBXBuildFile; fileRef = 9300554C19ED8A3E00940A7A /* SelfieBoothTests.m */; };
		931C132D19ED8B5700836BF1 /* TemplateIcon2x.png in Resources */ = {isa = PBXBuildFile; fileRef = 931C132B19ED8B5700836BF1 /* TemplateIcon2x.png */; };
		932452FE19F0F318000E8041 /* MBProgressHUD.m in Sources */ = {isa = PBXBuildFile; fileRef = 932452FD19F0F318000E8041 /* MBProgressHUD.m */; };
		932CFC8219ED8E11004C73DF /* Podfile in Resources */ = {isa = PBXBuildFile; fileRef = 932CFC8019ED8E11004C73DF /* Podfile */; };
		93913A3219ED91C700C2E30B /* SelfieCollectionViewController.m in Sources */ = {isa = PBXBuildFile; fileRef = 93913A3119ED91C700C2E30B /* SelfieCollectionViewController.m */; };
		93913A3519ED939C00C2E30B /* SelfieViewCell.m in Sources */ = {isa = PBXBuildFile; fileRef = 93913A3419ED939C00C2E30B /* SelfieViewCell.m */; };
		93913A3819ED953B00C2E30B /* DetailsViewController.m in Sources */ = {isa = PBXBuildFile; fileRef = 93913A3719ED953B00C2E30B /* DetailsViewController.m */; };
		93913A3B19ED95CD00C2E30B /* SelfieController.m in Sources */ = {isa = PBXBuildFile; fileRef = 93913A3A19ED95CD00C2E30B /* SelfieController.m */; };
		93913A4319EE4D6F00C2E30B /* PresentTransition.m in Sources */ = {isa = PBXBuildFile; fileRef = 93913A4219EE4D6F00C2E30B /* PresentTransition.m */; };
		93913A4619EE4D9A00C2E30B /* DismissTransition.m in Sources */ = {isa = PBXBuildFile; fileRef = 93913A4519EE4D9A00C2E30B /* DismissTransition.m */; };
		93A05C8819EE5813000DEDB3 /* Reachability.m in Sources */ = {isa = PBXBuildFile; fileRef = 93A05C8719EE5813000DEDB3 /* Reachability.m */; };
		93A05C8F19EE5CB2000DEDB3 /* NetCheck.m in Sources */ = {isa = PBXBuildFile; fileRef = 93A05C8E19EE5CB2000DEDB3 /* NetCheck.m */; };
/* End PBXBuildFile section */

/* Begin PBXContainerItemProxy section */
		9300554419ED8A3E00940A7A /* PBXContainerItemProxy */ = {
			isa = PBXContainerItemProxy;
			containerPortal = 9300551C19ED8A3D00940A7A /* Project object */;
			proxyType = 1;
			remoteGlobalIDString = 9300552319ED8A3D00940A7A;
			remoteInfo = SelfieBooth;
		};
/* End PBXContainerItemProxy section */

/* Begin PBXFileReference section */
		78854DE3ED7C5B00037FFB7A /* libPods.a */ = {isa = PBXFileReference; explicitFileType = archive.ar; includeInIndex = 0; path = libPods.a; sourceTree = BUILT_PRODUCTS_DIR; };
		8CB625EFA1DDF360DBA2C862 /* Pods.release.xcconfig */ = {isa = PBXFileReference; includeInIndex = 1; lastKnownFileType = text.xcconfig; name = Pods.release.xcconfig; path = "Pods/Target Support Files/Pods/Pods.release.xcconfig"; sourceTree = "<group>"; };
		9300552419ED8A3D00940A7A /* SelfieBooth.app */ = {isa = PBXFileReference; explicitFileType = wrapper.application; includeInIndex = 0; path = SelfieBooth.app; sourceTree = BUILT_PRODUCTS_DIR; };
		9300552719ED8A3D00940A7A /* Foundation.framework */ = {isa = PBXFileReference; lastKnownFileType = wrapper.framework; name = Foundation.framework; path = System/Library/Frameworks/Foundation.framework; sourceTree = SDKROOT; };
		9300552919ED8A3D00940A7A /* CoreGraphics.framework */ = {isa = PBXFileReference; lastKnownFileType = wrapper.framework; name = CoreGraphics.framework; path = System/Library/Frameworks/CoreGraphics.framework; sourceTree = SDKROOT; };
		9300552B19ED8A3D00940A7A /* UIKit.framework */ = {isa = PBXFileReference; lastKnownFileType = wrapper.framework; name = UIKit.framework; path = System/Library/Frameworks/UIKit.framework; sourceTree = SDKROOT; };
		9300552F19ED8A3D00940A7A /* SelfieBooth-Info.plist */ = {isa = PBXFileReference; lastKnownFileType = text.plist.xml; path = "SelfieBooth-Info.plist"; sourceTree = "<group>"; };
		9300553119ED8A3D00940A7A /* en */ = {isa = PBXFileReference; lastKnownFileType = text.plist.strings; name = en; path = en.lproj/InfoPlist.strings; sourceTree = "<group>"; };
		9300553319ED8A3D00940A7A /* main.m */ = {isa = PBXFileReference; lastKnownFileType = sourcecode.c.objc; path = main.m; sourceTree = "<group>"; };
		9300553519ED8A3D00940A7A /* SelfieBooth-Prefix.pch */ = {isa = PBXFileReference; lastKnownFileType = sourcecode.c.h; path = "SelfieBooth-Prefix.pch"; sourceTree = "<group>"; };
		9300553619ED8A3D00940A7A /* AppDelegate.h */ = {isa = PBXFileReference; lastKnownFileType = sourcecode.c.h; path = AppDelegate.h; sourceTree = "<group>"; };
		9300553719ED8A3D00940A7A /* AppDelegate.m */ = {isa = PBXFileReference; lastKnownFileType = sourcecode.c.objc; path = AppDelegate.m; sourceTree = "<group>"; };
		9300553919ED8A3D00940A7A /* Images.xcassets */ = {isa = PBXFileReference; lastKnownFileType = folder.assetcatalog; path = Images.xcassets; sourceTree = "<group>"; };
		9300553F19ED8A3E00940A7A /* SelfieBoothTests.xctest */ = {isa = PBXFileReference; explicitFileType = wrapper.cfbundle; includeInIndex = 0; path = SelfieBoothTests.xctest; sourceTree = BUILT_PRODUCTS_DIR; };
		9300554019ED8A3E00940A7A /* XCTest.framework */ = {isa = PBXFileReference; lastKnownFileType = wrapper.framework; name = XCTest.framework; path = Library/Frameworks/XCTest.framework; sourceTree = DEVELOPER_DIR; };
		9300554819ED8A3E00940A7A /* SelfieBoothTests-Info.plist */ = {isa = PBXFileReference; lastKnownFileType = text.plist.xml; path = "SelfieBoothTests-Info.plist"; sourceTree = "<group>"; };
		9300554A19ED8A3E00940A7A /* en */ = {isa = PBXFileReference; lastKnownFileType = text.plist.strings; name = en; path = en.lproj/InfoPlist.strings; sourceTree = "<group>"; };
		9300554C19ED8A3E00940A7A /* SelfieBoothTests.m */ = {isa = PBXFileReference; lastKnownFileType = sourcecode.c.objc; path = SelfieBoothTests.m; sourceTree = "<group>"; };
		931C132B19ED8B5700836BF1 /* TemplateIcon2x.png */ = {isa = PBXFileReference; lastKnownFileType = image.png; path = TemplateIcon2x.png; sourceTree = "<group>"; };
		932452FC19F0F318000E8041 /* MBProgressHUD.h */ = {isa = PBXFileReference; fileEncoding = 4; lastKnownFileType = sourcecode.c.h; path = MBProgressHUD.h; sourceTree = "<group>"; };
		932452FD19F0F318000E8041 /* MBProgressHUD.m */ = {isa = PBXFileReference; fileEncoding = 4; lastKnownFileType = sourcecode.c.objc; path = MBProgressHUD.m; sourceTree = "<group>"; };
		932CFC8019ED8E11004C73DF /* Podfile */ = {isa = PBXFileReference; fileEncoding = 4; lastKnownFileType = text; path = Podfile; sourceTree = "<group>"; xcLanguageSpecificationIdentifier = xcode.lang.ruby; };
		93913A3019ED91C700C2E30B /* SelfieCollectionViewController.h */ = {isa = PBXFileReference; fileEncoding = 4; lastKnownFileType = sourcecode.c.h; path = SelfieCollectionViewController.h; sourceTree = "<group>"; };
		93913A3119ED91C700C2E30B /* SelfieCollectionViewController.m */ = {isa = PBXFileReference; fileEncoding = 4; lastKnownFileType = sourcecode.c.objc; path = SelfieCollectionViewController.m; sourceTree = "<group>"; };
		93913A3319ED939C00C2E30B /* SelfieViewCell.h */ = {isa = PBXFileReference; fileEncoding = 4; lastKnownFileType = sourcecode.c.h; path = SelfieViewCell.h; sourceTree = "<group>"; };
		93913A3419ED939C00C2E30B /* SelfieViewCell.m */ = {isa = PBXFileReference; fileEncoding = 4; lastKnownFileType = sourcecode.c.objc; path = SelfieViewCell.m; sourceTree = "<group>"; };
		93913A3619ED953B00C2E30B /* DetailsViewController.h */ = {isa = PBXFileReference; fileEncoding = 4; lastKnownFileType = sourcecode.c.h; path = DetailsViewController.h; sourceTree = "<group>"; };
		93913A3719ED953B00C2E30B /* DetailsViewController.m */ = {isa = PBXFileReference; fileEncoding = 4; lastKnownFileType = sourcecode.c.objc; path = DetailsViewController.m; sourceTree = "<group>"; };
		93913A3919ED95CD00C2E30B /* SelfieController.h */ = {isa = PBXFileReference; fileEncoding = 4; lastKnownFileType = sourcecode.c.h; path = SelfieController.h; sourceTree = "<group>"; };
		93913A3A19ED95CD00C2E30B /* SelfieController.m */ = {isa = PBXFileReference; fileEncoding = 4; lastKnownFileType = sourcecode.c.objc; path = SelfieController.m; sourceTree = "<group>"; };
		93913A4119EE4D6F00C2E30B /* PresentTransition.h */ = {isa = PBXFileReference; fileEncoding = 4; lastKnownFileType = sourcecode.c.h; path = PresentTransition.h; sourceTree = "<group>"; };
		93913A4219EE4D6F00C2E30B /* PresentTransition.m */ = {isa = PBXFileReference; fileEncoding = 4; lastKnownFileType = sourcecode.c.objc; path = PresentTransition.m; sourceTree = "<group>"; };
		93913A4419EE4D9A00C2E30B /* DismissTransition.h */ = {isa = PBXFileReference; fileEncoding = 4; lastKnownFileType = sourcecode.c.h; path = DismissTransition.h; sourceTree = "<group>"; };
		93913A4519EE4D9A00C2E30B /* DismissTransition.m */ = {isa = PBXFileReference; fileEncoding = 4; lastKnownFileType = sourcecode.c.objc; path = DismissTransition.m; sourceTree = "<group>"; };
		93A05C8619EE5813000DEDB3 /* Reachability.h */ = {isa = PBXFileReference; fileEncoding = 4; lastKnownFileType = sourcecode.c.h; path = Reachability.h; sourceTree = "<group>"; };
		93A05C8719EE5813000DEDB3 /* Reachability.m */ = {isa = PBXFileReference; fileEncoding = 4; lastKnownFileType = sourcecode.c.objc; path = Reachability.m; sourceTree = "<group>"; };
		93A05C8D19EE5CB2000DEDB3 /* NetCheck.h */ = {isa = PBXFileReference; fileEncoding = 4; lastKnownFileType = sourcecode.c.h; name = NetCheck.h; path = ../NetCheck.h; sourceTree = "<group>"; };
		93A05C8E19EE5CB2000DEDB3 /* NetCheck.m */ = {isa = PBXFileReference; fileEncoding = 4; lastKnownFileType = sourcecode.c.objc; name = NetCheck.m; path = ../NetCheck.m; sourceTree = "<group>"; };
		AE297308334D7DE852E11A91 /* Pods.debug.xcconfig */ = {isa = PBXFileReference; includeInIndex = 1; lastKnownFileType = text.xcconfig; name = Pods.debug.xcconfig; path = "Pods/Target Support Files/Pods/Pods.debug.xcconfig"; sourceTree = "<group>"; };
/* End PBXFileReference section */

/* Begin PBXFrameworksBuildPhase section */
		9300552119ED8A3D00940A7A /* Frameworks */ = {
			isa = PBXFrameworksBuildPhase;
			buildActionMask = 2147483647;
			files = (
				9300552A19ED8A3D00940A7A /* CoreGraphics.framework in Frameworks */,
				9300552C19ED8A3D00940A7A /* UIKit.framework in Frameworks */,
				9300552819ED8A3D00940A7A /* Foundation.framework in Frameworks */,
				1E5B182B735929205944464C /* libPods.a in Frameworks */,
			);
			runOnlyForDeploymentPostprocessing = 0;
		};
		9300553C19ED8A3E00940A7A /* Frameworks */ = {
			isa = PBXFrameworksBuildPhase;
			buildActionMask = 2147483647;
			files = (
				9300554119ED8A3E00940A7A /* XCTest.framework in Frameworks */,
				9300554319ED8A3E00940A7A /* UIKit.framework in Frameworks */,
				9300554219ED8A3E00940A7A /* Foundation.framework in Frameworks */,
			);
			runOnlyForDeploymentPostprocessing = 0;
		};
/* End PBXFrameworksBuildPhase section */

/* Begin PBXGroup section */
		9300551B19ED8A3D00940A7A = {
			isa = PBXGroup;
			children = (
				932CFC8419ED8E5D004C73DF /* Pods */,
				9300552D19ED8A3D00940A7A /* SelfieBooth */,
				9300554619ED8A3E00940A7A /* SelfieBoothTests */,
				9300552619ED8A3D00940A7A /* Frameworks */,
				9300552519ED8A3D00940A7A /* Products */,
				AA0767B49904067A2C2CD348 /* Pods */,
			);
			sourceTree = "<group>";
		};
		9300552519ED8A3D00940A7A /* Products */ = {
			isa = PBXGroup;
			children = (
				9300552419ED8A3D00940A7A /* SelfieBooth.app */,
				9300553F19ED8A3E00940A7A /* SelfieBoothTests.xctest */,
			);
			name = Products;
			sourceTree = "<group>";
		};
		9300552619ED8A3D00940A7A /* Frameworks */ = {
			isa = PBXGroup;
			children = (
				9300552719ED8A3D00940A7A /* Foundation.framework */,
				9300552919ED8A3D00940A7A /* CoreGraphics.framework */,
				9300552B19ED8A3D00940A7A /* UIKit.framework */,
				9300554019ED8A3E00940A7A /* XCTest.framework */,
				78854DE3ED7C5B00037FFB7A /* libPods.a */,
			);
			name = Frameworks;
			sourceTree = "<group>";
		};
		9300552D19ED8A3D00940A7A /* SelfieBooth */ = {
			isa = PBXGroup;
			children = (
				93913A3C19ED99C300C2E30B /* Delegate */,
				93913A4019ED99EB00C2E30B /* Detail View Controller */,
				93913A3D19ED99D000C2E30B /* Collection View Controller */,
				93A05C8919EE5847000DEDB3 /* Reachability Classes */,
				93A05C8519EE55E5000DEDB3 /* Custom Transition Classes */,
				93913A3E19ED99D800C2E30B /* Collection View Cell */,
				93913A3F19ED99E300C2E30B /* Selfie Controller */,
				9300552E19ED8A3D00940A7A /* Supporting Files */,
			);
			path = SelfieBooth;
			sourceTree = "<group>";
		};
		9300552E19ED8A3D00940A7A /* Supporting Files */ = {
			isa = PBXGroup;
			children = (
				9300553919ED8A3D00940A7A /* Images.xcassets */,
				931C132B19ED8B5700836BF1 /* TemplateIcon2x.png */,
				9300552F19ED8A3D00940A7A /* SelfieBooth-Info.plist */,
				9300553019ED8A3D00940A7A /* InfoPlist.strings */,
				9300553319ED8A3D00940A7A /* main.m */,
				9300553519ED8A3D00940A7A /* SelfieBooth-Prefix.pch */,
			);
			name = "Supporting Files";
			sourceTree = "<group>";
		};
		9300554619ED8A3E00940A7A /* SelfieBoothTests */ = {
			isa = PBXGroup;
			children = (
				9300554C19ED8A3E00940A7A /* SelfieBoothTests.m */,
				9300554719ED8A3E00940A7A /* Supporting Files */,
			);
			path = SelfieBoothTests;
			sourceTree = "<group>";
		};
		9300554719ED8A3E00940A7A /* Supporting Files */ = {
			isa = PBXGroup;
			children = (
				9300554819ED8A3E00940A7A /* SelfieBoothTests-Info.plist */,
				9300554919ED8A3E00940A7A /* InfoPlist.strings */,
			);
			name = "Supporting Files";
			sourceTree = "<group>";
		};
		9324530019F0F452000E8041 /* Heads Up Display (HUD) */ = {
			isa = PBXGroup;
			children = (
				932452FC19F0F318000E8041 /* MBProgressHUD.h */,
				932452FD19F0F318000E8041 /* MBProgressHUD.m */,
			);
			name = "Heads Up Display (HUD)";
			sourceTree = "<group>";
		};
		932CFC8419ED8E5D004C73DF /* Pods */ = {
			isa = PBXGroup;
			children = (
				932CFC8019ED8E11004C73DF /* Podfile */,
			);
			name = Pods;
			sourceTree = "<group>";
		};
		93913A3C19ED99C300C2E30B /* Delegate */ = {
			isa = PBXGroup;
			children = (
				9300553619ED8A3D00940A7A /* AppDelegate.h */,
				9300553719ED8A3D00940A7A /* AppDelegate.m */,
			);
			name = Delegate;
			sourceTree = "<group>";
		};
		93913A3D19ED99D000C2E30B /* Collection View Controller */ = {
			isa = PBXGroup;
			children = (
				93913A3019ED91C700C2E30B /* SelfieCollectionViewController.h */,
				93913A3119ED91C700C2E30B /* SelfieCollectionViewController.m */,
			);
			name = "Collection View Controller";
			sourceTree = "<group>";
		};
		93913A3E19ED99D800C2E30B /* Collection View Cell */ = {
			isa = PBXGroup;
			children = (
				93913A3319ED939C00C2E30B /* SelfieViewCell.h */,
				93913A3419ED939C00C2E30B /* SelfieViewCell.m */,
			);
			name = "Collection View Cell";
			sourceTree = "<group>";
		};
		93913A3F19ED99E300C2E30B /* Selfie Controller */ = {
			isa = PBXGroup;
			children = (
				93913A3919ED95CD00C2E30B /* SelfieController.h */,
				93913A3A19ED95CD00C2E30B /* SelfieController.m */,
			);
			name = "Selfie Controller";
			sourceTree = "<group>";
		};
		93913A4019ED99EB00C2E30B /* Detail View Controller */ = {
			isa = PBXGroup;
			children = (
				93913A3619ED953B00C2E30B /* DetailsViewController.h */,
				93913A3719ED953B00C2E30B /* DetailsViewController.m */,
			);
			name = "Detail View Controller";
			sourceTree = "<group>";
		};
		93A05C8519EE55E5000DEDB3 /* Custom Transition Classes */ = {
			isa = PBXGroup;
			children = (
				9324530019F0F452000E8041 /* Heads Up Display (HUD) */,
				93913A4119EE4D6F00C2E30B /* PresentTransition.h */,
				93913A4219EE4D6F00C2E30B /* PresentTransition.m */,
				93913A4419EE4D9A00C2E30B /* DismissTransition.h */,
				93913A4519EE4D9A00C2E30B /* DismissTransition.m */,
			);
			name = "Custom Transition Classes";
			sourceTree = "<group>";
		};
		93A05C8919EE5847000DEDB3 /* Reachability Classes */ = {
			isa = PBXGroup;
			children = (
				93A05C8D19EE5CB2000DEDB3 /* NetCheck.h */,
				93A05C8E19EE5CB2000DEDB3 /* NetCheck.m */,
				93A05C8619EE5813000DEDB3 /* Reachability.h */,
				93A05C8719EE5813000DEDB3 /* Reachability.m */,
			);
			name = "Reachability Classes";
			sourceTree = "<group>";
		};
		AA0767B49904067A2C2CD348 /* Pods */ = {
			isa = PBXGroup;
			children = (
				AE297308334D7DE852E11A91 /* Pods.debug.xcconfig */,
				8CB625EFA1DDF360DBA2C862 /* Pods.release.xcconfig */,
			);
			name = Pods;
			sourceTree = "<group>";
		};
/* End PBXGroup section */

/* Begin PBXNativeTarget section */
		9300552319ED8A3D00940A7A /* SelfieBooth */ = {
			isa = PBXNativeTarget;
			buildConfigurationList = 9300555019ED8A3E00940A7A /* Build configuration list for PBXNativeTarget "SelfieBooth" */;
			buildPhases = (
				F6C32709EBF1CBCA5B5A2AF5 /* Check Pods Manifest.lock */,
				9300552019ED8A3D00940A7A /* Sources */,
				9300552119ED8A3D00940A7A /* Frameworks */,
				9300552219ED8A3D00940A7A /* Resources */,
				4F3AF7E60DC6DA4E4000010F /* Copy Pods Resources */,
			);
			buildRules = (
			);
			dependencies = (
			);
			name = SelfieBooth;
			productName = SelfieBooth;
			productReference = 9300552419ED8A3D00940A7A /* SelfieBooth.app */;
			productType = "com.apple.product-type.application";
		};
		9300553E19ED8A3E00940A7A /* SelfieBoothTests */ = {
			isa = PBXNativeTarget;
			buildConfigurationList = 9300555319ED8A3E00940A7A /* Build configuration list for PBXNativeTarget "SelfieBoothTests" */;
			buildPhases = (
				9300553B19ED8A3E00940A7A /* Sources */,
				9300553C19ED8A3E00940A7A /* Frameworks */,
				9300553D19ED8A3E00940A7A /* Resources */,
			);
			buildRules = (
			);
			dependencies = (
				9300554519ED8A3E00940A7A /* PBXTargetDependency */,
			);
			name = SelfieBoothTests;
			productName = SelfieBoothTests;
			productReference = 9300553F19ED8A3E00940A7A /* SelfieBoothTests.xctest */;
			productType = "com.apple.product-type.bundle.unit-test";
		};
/* End PBXNativeTarget section */

/* Begin PBXProject section */
		9300551C19ED8A3D00940A7A /* Project object */ = {
			isa = PBXProject;
			attributes = {
				LastUpgradeCheck = 0510;
				ORGANIZATIONNAME = "Rohan Aurora";
				TargetAttributes = {
					9300553E19ED8A3E00940A7A = {
						TestTargetID = 9300552319ED8A3D00940A7A;
					};
				};
			};
			buildConfigurationList = 9300551F19ED8A3D00940A7A /* Build configuration list for PBXProject "SelfieBooth" */;
			compatibilityVersion = "Xcode 3.2";
			developmentRegion = English;
			hasScannedForEncodings = 0;
			knownRegions = (
				en,
			);
			mainGroup = 9300551B19ED8A3D00940A7A;
			productRefGroup = 9300552519ED8A3D00940A7A /* Products */;
			projectDirPath = "";
			projectRoot = "";
			targets = (
				9300552319ED8A3D00940A7A /* SelfieBooth */,
				9300553E19ED8A3E00940A7A /* SelfieBoothTests */,
			);
		};
/* End PBXProject section */

/* Begin PBXResourcesBuildPhase section */
		9300552219ED8A3D00940A7A /* Resources */ = {
			isa = PBXResourcesBuildPhase;
			buildActionMask = 2147483647;
			files = (
				9300553219ED8A3D00940A7A /* InfoPlist.strings in Resources */,
				9300553A19ED8A3D00940A7A /* Images.xcassets in Resources */,
				932CFC8219ED8E11004C73DF /* Podfile in Resources */,
				931C132D19ED8B5700836BF1 /* TemplateIcon2x.png in Resources */,
			);
			runOnlyForDeploymentPostprocessing = 0;
		};
		9300553D19ED8A3E00940A7A /* Resources */ = {
			isa = PBXResourcesBuildPhase;
			buildActionMask = 2147483647;
			files = (
				9300554B19ED8A3E00940A7A /* InfoPlist.strings in Resources */,
			);
			runOnlyForDeploymentPostprocessing = 0;
		};
/* End PBXResourcesBuildPhase section */

/* Begin PBXShellScriptBuildPhase section */
		4F3AF7E60DC6DA4E4000010F /* Copy Pods Resources */ = {
			isa = PBXShellScriptBuildPhase;
			buildActionMask = 2147483647;
			files = (
			);
			inputPaths = (
			);
			name = "Copy Pods Resources";
			outputPaths = (
			);
			runOnlyForDeploymentPostprocessing = 0;
			shellPath = /bin/sh;
			shellScript = "\"${SRCROOT}/Pods/Target Support Files/Pods/Pods-resources.sh\"\n";
			showEnvVarsInLog = 0;
		};
		F6C32709EBF1CBCA5B5A2AF5 /* Check Pods Manifest.lock */ = {
			isa = PBXShellScriptBuildPhase;
			buildActionMask = 2147483647;
			files = (
			);
			inputPaths = (
			);
			name = "Check Pods Manifest.lock";
			outputPaths = (
			);
			runOnlyForDeploymentPostprocessing = 0;
			shellPath = /bin/sh;
			shellScript = "diff \"${PODS_ROOT}/../Podfile.lock\" \"${PODS_ROOT}/Manifest.lock\" > /dev/null\nif [[ $? != 0 ]] ; then\n    cat << EOM\nerror: The sandbox is not in sync with the Podfile.lock. Run 'pod install' or update your CocoaPods installation.\nEOM\n    exit 1\nfi\n";
			showEnvVarsInLog = 0;
		};
/* End PBXShellScriptBuildPhase section */

/* Begin PBXSourcesBuildPhase section */
		9300552019ED8A3D00940A7A /* Sources */ = {
			isa = PBXSourcesBuildPhase;
			buildActionMask = 2147483647;
			files = (
				9300553819ED8A3D00940A7A /* AppDelegate.m in Sources */,
				93913A3B19ED95CD00C2E30B /* SelfieController.m in Sources */,
				93913A3819ED953B00C2E30B /* DetailsViewController.m in Sources */,
				93913A3219ED91C700C2E30B /* SelfieCollectionViewController.m in Sources */,
				932452FE19F0F318000E8041 /* MBProgressHUD.m in Sources */,
				93913A3519ED939C00C2E30B /* SelfieViewCell.m in Sources */,
				93913A4619EE4D9A00C2E30B /* DismissTransition.m in Sources */,
				93913A4319EE4D6F00C2E30B /* PresentTransition.m in Sources */,
				93A05C8819EE5813000DEDB3 /* Reachability.m in Sources */,
				93A05C8F19EE5CB2000DEDB3 /* NetCheck.m in Sources */,
				9300553419ED8A3D00940A7A /* main.m in Sources */,
			);
			runOnlyForDeploymentPostprocessing = 0;
		};
		9300553B19ED8A3E00940A7A /* Sources */ = {
			isa = PBXSourcesBuildPhase;
			buildActionMask = 2147483647;
			files = (
				9300554D19ED8A3E00940A7A /* SelfieBoothTests.m in Sources */,
			);
			runOnlyForDeploymentPostprocessing = 0;
		};
/* End PBXSourcesBuildPhase section */

/* Begin PBXTargetDependency section */
		9300554519ED8A3E00940A7A /* PBXTargetDependency */ = {
			isa = PBXTargetDependency;
			target = 9300552319ED8A3D00940A7A /* SelfieBooth */;
			targetProxy = 9300554419ED8A3E00940A7A /* PBXContainerItemProxy */;
		};
/* End PBXTargetDependency section */

/* Begin PBXVariantGroup section */
		9300553019ED8A3D00940A7A /* InfoPlist.strings */ = {
			isa = PBXVariantGroup;
			children = (
				9300553119ED8A3D00940A7A /* en */,
			);
			name = InfoPlist.strings;
			sourceTree = "<group>";
		};
		9300554919ED8A3E00940A7A /* InfoPlist.strings */ = {
			isa = PBXVariantGroup;
			children = (
				9300554A19ED8A3E00940A7A /* en */,
			);
			name = InfoPlist.strings;
			sourceTree = "<group>";
		};
/* End PBXVariantGroup section */

/* Begin XCBuildConfiguration section */
		9300554E19ED8A3E00940A7A /* Debug */ = {
			isa = XCBuildConfiguration;
			buildSettings = {
				ALWAYS_SEARCH_USER_PATHS = NO;
				CLANG_CXX_LANGUAGE_STANDARD = "gnu++0x";
				CLANG_CXX_LIBRARY = "libc++";
				CLANG_ENABLE_MODULES = YES;
				CLANG_ENABLE_OBJC_ARC = YES;
				CLANG_WARN_BOOL_CONVERSION = YES;
				CLANG_WARN_CONSTANT_CONVERSION = YES;
				CLANG_WARN_DIRECT_OBJC_ISA_USAGE = YES_ERROR;
				CLANG_WARN_EMPTY_BODY = YES;
				CLANG_WARN_ENUM_CONVERSION = YES;
				CLANG_WARN_INT_CONVERSION = YES;
				CLANG_WARN_OBJC_ROOT_CLASS = YES_ERROR;
				CLANG_WARN__DUPLICATE_METHOD_MATCH = YES;
				"CODE_SIGN_IDENTITY[sdk=iphoneos*]" = "iPhone Developer";
				COPY_PHASE_STRIP = NO;
				GCC_C_LANGUAGE_STANDARD = gnu99;
				GCC_DYNAMIC_NO_PIC = NO;
				GCC_OPTIMIZATION_LEVEL = 0;
				GCC_PREPROCESSOR_DEFINITIONS = (
					"DEBUG=1",
					"$(inherited)",
				);
				GCC_SYMBOLS_PRIVATE_EXTERN = NO;
				GCC_WARN_64_TO_32_BIT_CONVERSION = YES;
				GCC_WARN_ABOUT_RETURN_TYPE = YES_ERROR;
				GCC_WARN_UNDECLARED_SELECTOR = YES;
				GCC_WARN_UNINITIALIZED_AUTOS = YES_AGGRESSIVE;
				GCC_WARN_UNUSED_FUNCTION = YES;
				GCC_WARN_UNUSED_VARIABLE = YES;
				IPHONEOS_DEPLOYMENT_TARGET = 7.1;
				ONLY_ACTIVE_ARCH = YES;
				SDKROOT = iphoneos;
			};
			name = Debug;
		};
		9300554F19ED8A3E00940A7A /* Release */ = {
			isa = XCBuildConfiguration;
			buildSettings = {
				ALWAYS_SEARCH_USER_PATHS = NO;
				CLANG_CXX_LANGUAGE_STANDARD = "gnu++0x";
				CLANG_CXX_LIBRARY = "libc++";
				CLANG_ENABLE_MODULES = YES;
				CLANG_ENABLE_OBJC_ARC = YES;
				CLANG_WARN_BOOL_CONVERSION = YES;
				CLANG_WARN_CONSTANT_CONVERSION = YES;
				CLANG_WARN_DIRECT_OBJC_ISA_USAGE = YES_ERROR;
				CLANG_WARN_EMPTY_BODY = YES;
				CLANG_WARN_ENUM_CONVERSION = YES;
				CLANG_WARN_INT_CONVERSION = YES;
				CLANG_WARN_OBJC_ROOT_CLASS = YES_ERROR;
				CLANG_WARN__DUPLICATE_METHOD_MATCH = YES;
				"CODE_SIGN_IDENTITY[sdk=iphoneos*]" = "iPhone Developer";
				COPY_PHASE_STRIP = YES;
				ENABLE_NS_ASSERTIONS = NO;
				GCC_C_LANGUAGE_STANDARD = gnu99;
				GCC_WARN_64_TO_32_BIT_CONVERSION = YES;
				GCC_WARN_ABOUT_RETURN_TYPE = YES_ERROR;
				GCC_WARN_UNDECLARED_SELECTOR = YES;
				GCC_WARN_UNINITIALIZED_AUTOS = YES_AGGRESSIVE;
				GCC_WARN_UNUSED_FUNCTION = YES;
				GCC_WARN_UNUSED_VARIABLE = YES;
				IPHONEOS_DEPLOYMENT_TARGET = 7.1;
				SDKROOT = iphoneos;
				VALIDATE_PRODUCT = YES;
			};
			name = Release;
		};
		9300555119ED8A3E00940A7A /* Debug */ = {
			isa = XCBuildConfiguration;
			baseConfigurationReference = AE297308334D7DE852E11A91 /* Pods.debug.xcconfig */;
			buildSettings = {
				ASSETCATALOG_COMPILER_APPICON_NAME = AppIcon;
				ASSETCATALOG_COMPILER_LAUNCHIMAGE_NAME = LaunchImage;
				GCC_PRECOMPILE_PREFIX_HEADER = YES;
				GCC_PREFIX_HEADER = "SelfieBooth/SelfieBooth-Prefix.pch";
				INFOPLIST_FILE = "SelfieBooth/SelfieBooth-Info.plist";
				IPHONEOS_DEPLOYMENT_TARGET = 8.0;
				PRODUCT_NAME = "$(TARGET_NAME)";
				WRAPPER_EXTENSION = app;
			};
			name = Debug;
		};
		9300555219ED8A3E00940A7A /* Release */ = {
			isa = XCBuildConfiguration;
			baseConfigurationReference = 8CB625EFA1DDF360DBA2C862 /* Pods.release.xcconfig */;
			buildSettings = {
				ASSETCATALOG_COMPILER_APPICON_NAME = AppIcon;
				ASSETCATALOG_COMPILER_LAUNCHIMAGE_NAME = LaunchImage;
				GCC_PRECOMPILE_PREFIX_HEADER = YES;
				GCC_PREFIX_HEADER = "SelfieBooth/SelfieBooth-Prefix.pch";
				INFOPLIST_FILE = "SelfieBooth/SelfieBooth-Info.plist";
				IPHONEOS_DEPLOYMENT_TARGET = 8.0;
				PRODUCT_NAME = "$(TARGET_NAME)";
				WRAPPER_EXTENSION = app;
			};
			name = Release;
		};
		9300555419ED8A3E00940A7A /* Debug */ = {
			isa = XCBuildConfiguration;
			buildSettings = {
				BUNDLE_LOADER = "$(BUILT_PRODUCTS_DIR)/SelfieBooth.app/SelfieBooth";
				FRAMEWORK_SEARCH_PATHS = (
					"$(SDKROOT)/Developer/Library/Frameworks",
					"$(inherited)",
					"$(DEVELOPER_FRAMEWORKS_DIR)",
				);
				GCC_PRECOMPILE_PREFIX_HEADER = YES;
				GCC_PREFIX_HEADER = "SelfieBooth/SelfieBooth-Prefix.pch";
				GCC_PREPROCESSOR_DEFINITIONS = (
					"DEBUG=1",
					"$(inherited)",
				);
				INFOPLIST_FILE = "SelfieBoothTests/SelfieBoothTests-Info.plist";
				PRODUCT_NAME = "$(TARGET_NAME)";
				TEST_HOST = "$(BUNDLE_LOADER)";
				WRAPPER_EXTENSION = xctest;
			};
			name = Debug;
		};
		9300555519ED8A3E00940A7A /* Release */ = {
			isa = XCBuildConfiguration;
			buildSettings = {
				BUNDLE_LOADER = "$(BUILT_PRODUCTS_DIR)/SelfieBooth.app/SelfieBooth";
				FRAMEWORK_SEARCH_PATHS = (
					"$(SDKROOT)/Developer/Library/Frameworks",
					"$(inherited)",
					"$(DEVELOPER_FRAMEWORKS_DIR)",
				);
				GCC_PRECOMPILE_PREFIX_HEADER = YES;
				GCC_PREFIX_HEADER = "SelfieBooth/SelfieBooth-Prefix.pch";
				INFOPLIST_FILE = "SelfieBoothTests/SelfieBoothTests-Info.plist";
				PRODUCT_NAME = "$(TARGET_NAME)";
				TEST_HOST = "$(BUNDLE_LOADER)";
				WRAPPER_EXTENSION = xctest;
			};
			name = Release;
		};
/* End XCBuildConfiguration section */

/* Begin XCConfigurationList section */
		9300551F19ED8A3D00940A7A /* Build configuration list for PBXProject "SelfieBooth" */ = {
			isa = XCConfigurationList;
			buildConfigurations = (
				9300554E19ED8A3E00940A7A /* Debug */,
				9300554F19ED8A3E00940A7A /* Release */,
			);
			defaultConfigurationIsVisible = 0;
			defaultConfigurationName = Release;
		};
		9300555019ED8A3E00940A7A /* Build configuration list for PBXNativeTarget "SelfieBooth" */ = {
			isa = XCConfigurationList;
			buildConfigurations = (
				9300555119ED8A3E00940A7A /* Debug */,
				9300555219ED8A3E00940A7A /* Release */,
			);
			defaultConfigurationIsVisible = 0;
			defaultConfigurationName = Release;
		};
		9300555319ED8A3E00940A7A /* Build configuration list for PBXNativeTarget "SelfieBoothTests" */ = {
			isa = XCConfigurationList;
			buildConfigurations = (
				9300555419ED8A3E00940A7A /* Debug */,
				9300555519ED8A3E00940A7A /* Release */,
			);
			defaultConfigurationIsVisible = 0;
			defaultConfigurationName = Release;
		};
/* End XCConfigurationList section */
	};
	rootObject = 9300551C19ED8A3D00940A7A /* Project object */;
}
